// !$*UTF8*$!
{
	archiveVersion = 1;
	classes = {
	};
	objectVersion = 56;
	objects = {

/* Begin PBXBuildFile section */
		BF0245402AF1B9000030D0A4 /* LoudspeakerModel.swift in Sources */ = {isa = PBXBuildFile; fileRef = BF02453F2AF1B9000030D0A4 /* LoudspeakerModel.swift */; };
		BF0245462AF1E7300030D0A4 /* mcViewControllerRepresentableModel.swift in Sources */ = {isa = PBXBuildFile; fileRef = BF0245452AF1E7300030D0A4 /* mcViewControllerRepresentableModel.swift */; };
		BF0B540A2AF05B320060DA89 /* AdHocApp.swift in Sources */ = {isa = PBXBuildFile; fileRef = BF0B54092AF05B320060DA89 /* AdHocApp.swift */; };
		BF0B540C2AF05B320060DA89 /* TopPageView.swift in Sources */ = {isa = PBXBuildFile; fileRef = BF0B540B2AF05B320060DA89 /* TopPageView.swift */; };
		BF0B540E2AF05B340060DA89 /* Assets.xcassets in Resources */ = {isa = PBXBuildFile; fileRef = BF0B540D2AF05B340060DA89 /* Assets.xcassets */; };
		BF0B54112AF05B340060DA89 /* Preview Assets.xcassets in Resources */ = {isa = PBXBuildFile; fileRef = BF0B54102AF05B340060DA89 /* Preview Assets.xcassets */; };
		BF0B54222AF0AB7C0060DA89 /* Position.swift in Sources */ = {isa = PBXBuildFile; fileRef = BF0B54212AF0AB7C0060DA89 /* Position.swift */; };
		BF0B54292AF0B0A00060DA89 /* PositionView.swift in Sources */ = {isa = PBXBuildFile; fileRef = BF0B54282AF0B0A00060DA89 /* PositionView.swift */; };
		BF0B542E2AF0D48E0060DA89 /*  RoundedCornersButtonStyle.swift in Sources */ = {isa = PBXBuildFile; fileRef = BF0B542D2AF0D48E0060DA89 /*  RoundedCornersButtonStyle.swift */; };
		BF0B54332AF0ED060060DA89 /* SoundOpelatorView.swift in Sources */ = {isa = PBXBuildFile; fileRef = BF0B54322AF0ED060060DA89 /* SoundOpelatorView.swift */; };
		BF0B54382AF0F2650060DA89 /* LoudspeakerView.swift in Sources */ = {isa = PBXBuildFile; fileRef = BF0B54372AF0F2650060DA89 /* LoudspeakerView.swift */; };
		BFA680CC2AF2149700F8EF95 /* LocationInfomationModel.swift in Sources */ = {isa = PBXBuildFile; fileRef = BFA680CB2AF2149700F8EF95 /* LocationInfomationModel.swift */; };
		BFA680CE2AF21A8C00F8EF95 /* VectorModel.swift in Sources */ = {isa = PBXBuildFile; fileRef = BFA680CD2AF21A8C00F8EF95 /* VectorModel.swift */; };
		BFB3E5092AFA293800FCC3FE /* StackModel.swift in Sources */ = {isa = PBXBuildFile; fileRef = BFB3E5082AFA293800FCC3FE /* StackModel.swift */; };
		BFB3E50C2AFA32A500FCC3FE /* ConvexHullModel.swift in Sources */ = {isa = PBXBuildFile; fileRef = BFB3E50B2AFA32A500FCC3FE /* ConvexHullModel.swift */; };
		BFB3E5102AFA34F700FCC3FE /* NIVectorModel.swift in Sources */ = {isa = PBXBuildFile; fileRef = BFB3E50F2AFA34F700FCC3FE /* NIVectorModel.swift */; };
		BFBAA0972AF13E98005843B8 /* SoundOpelatorModel.swift in Sources */ = {isa = PBXBuildFile; fileRef = BFBAA0962AF13E98005843B8 /* SoundOpelatorModel.swift */; };
/* End PBXBuildFile section */

/* Begin PBXFileReference section */
		BF02453F2AF1B9000030D0A4 /* LoudspeakerModel.swift */ = {isa = PBXFileReference; lastKnownFileType = sourcecode.swift; path = LoudspeakerModel.swift; sourceTree = "<group>"; };
		BF0245452AF1E7300030D0A4 /* mcViewControllerRepresentableModel.swift */ = {isa = PBXFileReference; lastKnownFileType = sourcecode.swift; path = mcViewControllerRepresentableModel.swift; sourceTree = "<group>"; };
		BF0B54062AF05B320060DA89 /* AdHoc.app */ = {isa = PBXFileReference; explicitFileType = wrapper.application; includeInIndex = 0; path = AdHoc.app; sourceTree = BUILT_PRODUCTS_DIR; };
		BF0B54092AF05B320060DA89 /* AdHocApp.swift */ = {isa = PBXFileReference; lastKnownFileType = sourcecode.swift; path = AdHocApp.swift; sourceTree = "<group>"; };
		BF0B540B2AF05B320060DA89 /* TopPageView.swift */ = {isa = PBXFileReference; lastKnownFileType = sourcecode.swift; path = TopPageView.swift; sourceTree = "<group>"; };
		BF0B540D2AF05B340060DA89 /* Assets.xcassets */ = {isa = PBXFileReference; lastKnownFileType = folder.assetcatalog; path = Assets.xcassets; sourceTree = "<group>"; };
		BF0B54102AF05B340060DA89 /* Preview Assets.xcassets */ = {isa = PBXFileReference; lastKnownFileType = folder.assetcatalog; path = "Preview Assets.xcassets"; sourceTree = "<group>"; };
		BF0B54212AF0AB7C0060DA89 /* Position.swift */ = {isa = PBXFileReference; lastKnownFileType = sourcecode.swift; path = Position.swift; sourceTree = "<group>"; };
		BF0B54282AF0B0A00060DA89 /* PositionView.swift */ = {isa = PBXFileReference; lastKnownFileType = sourcecode.swift; path = PositionView.swift; sourceTree = "<group>"; };
		BF0B542D2AF0D48E0060DA89 /*  RoundedCornersButtonStyle.swift */ = {isa = PBXFileReference; lastKnownFileType = sourcecode.swift; path = " RoundedCornersButtonStyle.swift"; sourceTree = "<group>"; };
		BF0B54322AF0ED060060DA89 /* SoundOpelatorView.swift */ = {isa = PBXFileReference; lastKnownFileType = sourcecode.swift; path = SoundOpelatorView.swift; sourceTree = "<group>"; };
		BF0B54372AF0F2650060DA89 /* LoudspeakerView.swift */ = {isa = PBXFileReference; lastKnownFileType = sourcecode.swift; path = LoudspeakerView.swift; sourceTree = "<group>"; };
		BFA680CA2AF20B0B00F8EF95 /* Info.plist */ = {isa = PBXFileReference; lastKnownFileType = text.plist; path = Info.plist; sourceTree = "<group>"; };
		BFA680CB2AF2149700F8EF95 /* LocationInfomationModel.swift */ = {isa = PBXFileReference; lastKnownFileType = sourcecode.swift; path = LocationInfomationModel.swift; sourceTree = "<group>"; };
		BFA680CD2AF21A8C00F8EF95 /* VectorModel.swift */ = {isa = PBXFileReference; lastKnownFileType = sourcecode.swift; path = VectorModel.swift; sourceTree = "<group>"; };
		BFB3E5082AFA293800FCC3FE /* StackModel.swift */ = {isa = PBXFileReference; lastKnownFileType = sourcecode.swift; path = StackModel.swift; sourceTree = "<group>"; };
		BFB3E50B2AFA32A500FCC3FE /* ConvexHullModel.swift */ = {isa = PBXFileReference; lastKnownFileType = sourcecode.swift; path = ConvexHullModel.swift; sourceTree = "<group>"; };
		BFB3E50F2AFA34F700FCC3FE /* NIVectorModel.swift */ = {isa = PBXFileReference; lastKnownFileType = sourcecode.swift; path = NIVectorModel.swift; sourceTree = "<group>"; };
		BFBAA0962AF13E98005843B8 /* SoundOpelatorModel.swift */ = {isa = PBXFileReference; lastKnownFileType = sourcecode.swift; path = SoundOpelatorModel.swift; sourceTree = "<group>"; };
/* End PBXFileReference section */

/* Begin PBXFrameworksBuildPhase section */
		BF0B54032AF05B320060DA89 /* Frameworks */ = {
			isa = PBXFrameworksBuildPhase;
			buildActionMask = 2147483647;
			files = (
			);
			runOnlyForDeploymentPostprocessing = 0;
		};
/* End PBXFrameworksBuildPhase section */

/* Begin PBXGroup section */
		BF0B53FD2AF05B320060DA89 = {
			isa = PBXGroup;
			children = (
				BF0B54082AF05B320060DA89 /* AdHoc */,
				BF0B54072AF05B320060DA89 /* Products */,
			);
			sourceTree = "<group>";
		};
		BF0B54072AF05B320060DA89 /* Products */ = {
			isa = PBXGroup;
			children = (
				BF0B54062AF05B320060DA89 /* AdHoc.app */,
			);
			name = Products;
			sourceTree = "<group>";
		};
		BF0B54082AF05B320060DA89 /* AdHoc */ = {
			isa = PBXGroup;
			children = (
				BFA680CA2AF20B0B00F8EF95 /* Info.plist */,
				BF0B54092AF05B320060DA89 /* AdHocApp.swift */,
				BF0B541E2AF0AA970060DA89 /* Model */,
				BF0B541D2AF0AA850060DA89 /* View */,
				BF0B540D2AF05B340060DA89 /* Assets.xcassets */,
				BF0B540F2AF05B340060DA89 /* Preview Content */,
			);
			path = AdHoc;
			sourceTree = "<group>";
		};
		BF0B540F2AF05B340060DA89 /* Preview Content */ = {
			isa = PBXGroup;
			children = (
				BF0B54102AF05B340060DA89 /* Preview Assets.xcassets */,
			);
			path = "Preview Content";
			sourceTree = "<group>";
		};
		BF0B541D2AF0AA850060DA89 /* View */ = {
			isa = PBXGroup;
			children = (
				BF0B54342AF0F1D90060DA89 /* Loudspeaker */,
				BF0B542F2AF0E89A0060DA89 /* SoundOpelator */,
				BF0B542A2AF0D35A0060DA89 /* Style */,
				BF0B54262AF0B0490060DA89 /* TopPage */,
			);
			path = View;
			sourceTree = "<group>";
		};
		BF0B541E2AF0AA970060DA89 /* Model */ = {
			isa = PBXGroup;
			children = (
				BF02453F2AF1B9000030D0A4 /* LoudspeakerModel.swift */,
				BFBAA0962AF13E98005843B8 /* SoundOpelatorModel.swift */,
				BF0245452AF1E7300030D0A4 /* mcViewControllerRepresentableModel.swift */,
				BFA680CB2AF2149700F8EF95 /* LocationInfomationModel.swift */,
				BFB3E50A2AFA298E00FCC3FE /* Structure */,
			);
			path = Model;
			sourceTree = "<group>";
		};
		BF0B54262AF0B0490060DA89 /* TopPage */ = {
			isa = PBXGroup;
			children = (
				BF0B540B2AF05B320060DA89 /* TopPageView.swift */,
				BF0B54272AF0B0560060DA89 /* SubView */,
			);
			path = TopPage;
			sourceTree = "<group>";
		};
		BF0B54272AF0B0560060DA89 /* SubView */ = {
			isa = PBXGroup;
			children = (
				BF0B54212AF0AB7C0060DA89 /* Position.swift */,
				BF0B54282AF0B0A00060DA89 /* PositionView.swift */,
			);
			path = SubView;
			sourceTree = "<group>";
		};
		BF0B542A2AF0D35A0060DA89 /* Style */ = {
			isa = PBXGroup;
			children = (
				BF0B542D2AF0D48E0060DA89 /*  RoundedCornersButtonStyle.swift */,
			);
			path = Style;
			sourceTree = "<group>";
		};
		BF0B542F2AF0E89A0060DA89 /* SoundOpelator */ = {
			isa = PBXGroup;
			children = (
				BF0B54322AF0ED060060DA89 /* SoundOpelatorView.swift */,
			);
			path = SoundOpelator;
			sourceTree = "<group>";
		};
		BF0B54342AF0F1D90060DA89 /* Loudspeaker */ = {
			isa = PBXGroup;
			children = (
				BF0B54372AF0F2650060DA89 /* LoudspeakerView.swift */,
			);
			path = Loudspeaker;
			sourceTree = "<group>";
		};
		BFB3E50A2AFA298E00FCC3FE /* Structure */ = {
			isa = PBXGroup;
			children = (
				BFA680CD2AF21A8C00F8EF95 /* VectorModel.swift */,
				BFB3E5082AFA293800FCC3FE /* StackModel.swift */,
				BFB3E50B2AFA32A500FCC3FE /* ConvexHullModel.swift */,
				BFB3E50F2AFA34F700FCC3FE /* NIVectorModel.swift */,
			);
			path = Structure;
			sourceTree = "<group>";
		};
/* End PBXGroup section */

/* Begin PBXNativeTarget section */
		BF0B54052AF05B320060DA89 /* AdHoc */ = {
			isa = PBXNativeTarget;
			buildConfigurationList = BF0B54142AF05B340060DA89 /* Build configuration list for PBXNativeTarget "AdHoc" */;
			buildPhases = (
				BF0B54022AF05B320060DA89 /* Sources */,
				BF0B54032AF05B320060DA89 /* Frameworks */,
				BF0B54042AF05B320060DA89 /* Resources */,
			);
			buildRules = (
			);
			dependencies = (
			);
			name = AdHoc;
			productName = AdHoc;
			productReference = BF0B54062AF05B320060DA89 /* AdHoc.app */;
			productType = "com.apple.product-type.application";
		};
/* End PBXNativeTarget section */

/* Begin PBXProject section */
		BF0B53FE2AF05B320060DA89 /* Project object */ = {
			isa = PBXProject;
			attributes = {
				BuildIndependentTargetsInParallel = 1;
				LastSwiftUpdateCheck = 1500;
				LastUpgradeCheck = 1500;
				TargetAttributes = {
					BF0B54052AF05B320060DA89 = {
						CreatedOnToolsVersion = 15.0.1;
					};
				};
			};
			buildConfigurationList = BF0B54012AF05B320060DA89 /* Build configuration list for PBXProject "AdHoc" */;
			compatibilityVersion = "Xcode 14.0";
			developmentRegion = en;
			hasScannedForEncodings = 0;
			knownRegions = (
				en,
				Base,
			);
			mainGroup = BF0B53FD2AF05B320060DA89;
			productRefGroup = BF0B54072AF05B320060DA89 /* Products */;
			projectDirPath = "";
			projectRoot = "";
			targets = (
				BF0B54052AF05B320060DA89 /* AdHoc */,
			);
		};
/* End PBXProject section */

/* Begin PBXResourcesBuildPhase section */
		BF0B54042AF05B320060DA89 /* Resources */ = {
			isa = PBXResourcesBuildPhase;
			buildActionMask = 2147483647;
			files = (
				BF0B54112AF05B340060DA89 /* Preview Assets.xcassets in Resources */,
				BF0B540E2AF05B340060DA89 /* Assets.xcassets in Resources */,
			);
			runOnlyForDeploymentPostprocessing = 0;
		};
/* End PBXResourcesBuildPhase section */

/* Begin PBXSourcesBuildPhase section */
		BF0B54022AF05B320060DA89 /* Sources */ = {
			isa = PBXSourcesBuildPhase;
			buildActionMask = 2147483647;
			files = (
				BF0B542E2AF0D48E0060DA89 /*  RoundedCornersButtonStyle.swift in Sources */,
				BFBAA0972AF13E98005843B8 /* SoundOpelatorModel.swift in Sources */,
				BFA680CC2AF2149700F8EF95 /* LocationInfomationModel.swift in Sources */,
				BF0B54222AF0AB7C0060DA89 /* Position.swift in Sources */,
				BFB3E5102AFA34F700FCC3FE /* NIVectorModel.swift in Sources */,
				BF0245462AF1E7300030D0A4 /* mcViewControllerRepresentableModel.swift in Sources */,
				BFB3E5092AFA293800FCC3FE /* StackModel.swift in Sources */,
				BF0B54332AF0ED060060DA89 /* SoundOpelatorView.swift in Sources */,
				BF0B54292AF0B0A00060DA89 /* PositionView.swift in Sources */,
				BF0B54382AF0F2650060DA89 /* LoudspeakerView.swift in Sources */,
				BFA680CE2AF21A8C00F8EF95 /* VectorModel.swift in Sources */,
				BF0B540C2AF05B320060DA89 /* TopPageView.swift in Sources */,
				BFB3E50C2AFA32A500FCC3FE /* ConvexHullModel.swift in Sources */,
				BF0245402AF1B9000030D0A4 /* LoudspeakerModel.swift in Sources */,
				BF0B540A2AF05B320060DA89 /* AdHocApp.swift in Sources */,
			);
			runOnlyForDeploymentPostprocessing = 0;
		};
/* End PBXSourcesBuildPhase section */

/* Begin XCBuildConfiguration section */
		BF0B54122AF05B340060DA89 /* Debug */ = {
			isa = XCBuildConfiguration;
			buildSettings = {
				ALWAYS_SEARCH_USER_PATHS = NO;
				ASSETCATALOG_COMPILER_GENERATE_SWIFT_ASSET_SYMBOL_EXTENSIONS = YES;
				CLANG_ANALYZER_NONNULL = YES;
				CLANG_ANALYZER_NUMBER_OBJECT_CONVERSION = YES_AGGRESSIVE;
				CLANG_CXX_LANGUAGE_STANDARD = "gnu++20";
				CLANG_ENABLE_MODULES = YES;
				CLANG_ENABLE_OBJC_ARC = YES;
				CLANG_ENABLE_OBJC_WEAK = YES;
				CLANG_WARN_BLOCK_CAPTURE_AUTORELEASING = YES;
				CLANG_WARN_BOOL_CONVERSION = YES;
				CLANG_WARN_COMMA = YES;
				CLANG_WARN_CONSTANT_CONVERSION = YES;
				CLANG_WARN_DEPRECATED_OBJC_IMPLEMENTATIONS = YES;
				CLANG_WARN_DIRECT_OBJC_ISA_USAGE = YES_ERROR;
				CLANG_WARN_DOCUMENTATION_COMMENTS = YES;
				CLANG_WARN_EMPTY_BODY = YES;
				CLANG_WARN_ENUM_CONVERSION = YES;
				CLANG_WARN_INFINITE_RECURSION = YES;
				CLANG_WARN_INT_CONVERSION = YES;
				CLANG_WARN_NON_LITERAL_NULL_CONVERSION = YES;
				CLANG_WARN_OBJC_IMPLICIT_RETAIN_SELF = YES;
				CLANG_WARN_OBJC_LITERAL_CONVERSION = YES;
				CLANG_WARN_OBJC_ROOT_CLASS = YES_ERROR;
				CLANG_WARN_QUOTED_INCLUDE_IN_FRAMEWORK_HEADER = YES;
				CLANG_WARN_RANGE_LOOP_ANALYSIS = YES;
				CLANG_WARN_STRICT_PROTOTYPES = YES;
				CLANG_WARN_SUSPICIOUS_MOVE = YES;
				CLANG_WARN_UNGUARDED_AVAILABILITY = YES_AGGRESSIVE;
				CLANG_WARN_UNREACHABLE_CODE = YES;
				CLANG_WARN__DUPLICATE_METHOD_MATCH = YES;
				COPY_PHASE_STRIP = NO;
				DEBUG_INFORMATION_FORMAT = dwarf;
				ENABLE_STRICT_OBJC_MSGSEND = YES;
				ENABLE_TESTABILITY = YES;
				ENABLE_USER_SCRIPT_SANDBOXING = YES;
				GCC_C_LANGUAGE_STANDARD = gnu17;
				GCC_DYNAMIC_NO_PIC = NO;
				GCC_NO_COMMON_BLOCKS = YES;
				GCC_OPTIMIZATION_LEVEL = 0;
				GCC_PREPROCESSOR_DEFINITIONS = (
					"DEBUG=1",
					"$(inherited)",
				);
				GCC_WARN_64_TO_32_BIT_CONVERSION = YES;
				GCC_WARN_ABOUT_RETURN_TYPE = YES_ERROR;
				GCC_WARN_UNDECLARED_SELECTOR = YES;
				GCC_WARN_UNINITIALIZED_AUTOS = YES_AGGRESSIVE;
				GCC_WARN_UNUSED_FUNCTION = YES;
				GCC_WARN_UNUSED_VARIABLE = YES;
				IPHONEOS_DEPLOYMENT_TARGET = 17.0;
				LOCALIZATION_PREFERS_STRING_CATALOGS = YES;
				MTL_ENABLE_DEBUG_INFO = INCLUDE_SOURCE;
				MTL_FAST_MATH = YES;
				ONLY_ACTIVE_ARCH = YES;
				SDKROOT = iphoneos;
				SWIFT_ACTIVE_COMPILATION_CONDITIONS = "DEBUG $(inherited)";
				SWIFT_OPTIMIZATION_LEVEL = "-Onone";
			};
			name = Debug;
		};
		BF0B54132AF05B340060DA89 /* Release */ = {
			isa = XCBuildConfiguration;
			buildSettings = {
				ALWAYS_SEARCH_USER_PATHS = NO;
				ASSETCATALOG_COMPILER_GENERATE_SWIFT_ASSET_SYMBOL_EXTENSIONS = YES;
				CLANG_ANALYZER_NONNULL = YES;
				CLANG_ANALYZER_NUMBER_OBJECT_CONVERSION = YES_AGGRESSIVE;
				CLANG_CXX_LANGUAGE_STANDARD = "gnu++20";
				CLANG_ENABLE_MODULES = YES;
				CLANG_ENABLE_OBJC_ARC = YES;
				CLANG_ENABLE_OBJC_WEAK = YES;
				CLANG_WARN_BLOCK_CAPTURE_AUTORELEASING = YES;
				CLANG_WARN_BOOL_CONVERSION = YES;
				CLANG_WARN_COMMA = YES;
				CLANG_WARN_CONSTANT_CONVERSION = YES;
				CLANG_WARN_DEPRECATED_OBJC_IMPLEMENTATIONS = YES;
				CLANG_WARN_DIRECT_OBJC_ISA_USAGE = YES_ERROR;
				CLANG_WARN_DOCUMENTATION_COMMENTS = YES;
				CLANG_WARN_EMPTY_BODY = YES;
				CLANG_WARN_ENUM_CONVERSION = YES;
				CLANG_WARN_INFINITE_RECURSION = YES;
				CLANG_WARN_INT_CONVERSION = YES;
				CLANG_WARN_NON_LITERAL_NULL_CONVERSION = YES;
				CLANG_WARN_OBJC_IMPLICIT_RETAIN_SELF = YES;
				CLANG_WARN_OBJC_LITERAL_CONVERSION = YES;
				CLANG_WARN_OBJC_ROOT_CLASS = YES_ERROR;
				CLANG_WARN_QUOTED_INCLUDE_IN_FRAMEWORK_HEADER = YES;
				CLANG_WARN_RANGE_LOOP_ANALYSIS = YES;
				CLANG_WARN_STRICT_PROTOTYPES = YES;
				CLANG_WARN_SUSPICIOUS_MOVE = YES;
				CLANG_WARN_UNGUARDED_AVAILABILITY = YES_AGGRESSIVE;
				CLANG_WARN_UNREACHABLE_CODE = YES;
				CLANG_WARN__DUPLICATE_METHOD_MATCH = YES;
				COPY_PHASE_STRIP = NO;
				DEBUG_INFORMATION_FORMAT = "dwarf-with-dsym";
				ENABLE_NS_ASSERTIONS = NO;
				ENABLE_STRICT_OBJC_MSGSEND = YES;
				ENABLE_USER_SCRIPT_SANDBOXING = YES;
				GCC_C_LANGUAGE_STANDARD = gnu17;
				GCC_NO_COMMON_BLOCKS = YES;
				GCC_WARN_64_TO_32_BIT_CONVERSION = YES;
				GCC_WARN_ABOUT_RETURN_TYPE = YES_ERROR;
				GCC_WARN_UNDECLARED_SELECTOR = YES;
				GCC_WARN_UNINITIALIZED_AUTOS = YES_AGGRESSIVE;
				GCC_WARN_UNUSED_FUNCTION = YES;
				GCC_WARN_UNUSED_VARIABLE = YES;
				IPHONEOS_DEPLOYMENT_TARGET = 17.0;
				LOCALIZATION_PREFERS_STRING_CATALOGS = YES;
				MTL_ENABLE_DEBUG_INFO = NO;
				MTL_FAST_MATH = YES;
				SDKROOT = iphoneos;
				SWIFT_COMPILATION_MODE = wholemodule;
				VALIDATE_PRODUCT = YES;
			};
			name = Release;
		};
		BF0B54152AF05B340060DA89 /* Debug */ = {
			isa = XCBuildConfiguration;
			buildSettings = {
				ASSETCATALOG_COMPILER_APPICON_NAME = AppIcon;
				ASSETCATALOG_COMPILER_GLOBAL_ACCENT_COLOR_NAME = AccentColor;
				CODE_SIGN_STYLE = Automatic;
				CURRENT_PROJECT_VERSION = 1;
				DEVELOPMENT_ASSET_PATHS = "\"AdHoc/Preview Content\"";
				DEVELOPMENT_TEAM = PQFYQAUU88;
				ENABLE_PREVIEWS = YES;
				GENERATE_INFOPLIST_FILE = YES;
				INFOPLIST_FILE = AdHoc/Info.plist;
				INFOPLIST_KEY_UIApplicationSceneManifest_Generation = YES;
				INFOPLIST_KEY_UIApplicationSupportsIndirectInputEvents = YES;
				INFOPLIST_KEY_UILaunchScreen_Generation = YES;
				INFOPLIST_KEY_UISupportedInterfaceOrientations_iPad = "UIInterfaceOrientationPortrait UIInterfaceOrientationPortraitUpsideDown UIInterfaceOrientationLandscapeLeft UIInterfaceOrientationLandscapeRight";
				INFOPLIST_KEY_UISupportedInterfaceOrientations_iPhone = "UIInterfaceOrientationPortrait UIInterfaceOrientationLandscapeLeft UIInterfaceOrientationLandscapeRight";
				LD_RUNPATH_SEARCH_PATHS = (
					"$(inherited)",
					"@executable_path/Frameworks",
				);
				MARKETING_VERSION = 1.0;
				PRODUCT_BUNDLE_IDENTIFIER = com.OnkyoLab.AdHoc;
				PRODUCT_NAME = "$(TARGET_NAME)";
				SWIFT_EMIT_LOC_STRINGS = YES;
				SWIFT_VERSION = 5.0;
				TARGETED_DEVICE_FAMILY = "1,2";
			};
			name = Debug;
		};
		BF0B54162AF05B340060DA89 /* Release */ = {
			isa = XCBuildConfiguration;
			buildSettings = {
				ASSETCATALOG_COMPILER_APPICON_NAME = AppIcon;
				ASSETCATALOG_COMPILER_GLOBAL_ACCENT_COLOR_NAME = AccentColor;
				CODE_SIGN_STYLE = Automatic;
				CURRENT_PROJECT_VERSION = 1;
				DEVELOPMENT_ASSET_PATHS = "\"AdHoc/Preview Content\"";
				DEVELOPMENT_TEAM = PQFYQAUU88;
				ENABLE_PREVIEWS = YES;
				GENERATE_INFOPLIST_FILE = YES;
				INFOPLIST_FILE = AdHoc/Info.plist;
				INFOPLIST_KEY_UIApplicationSceneManifest_Generation = YES;
				INFOPLIST_KEY_UIApplicationSupportsIndirectInputEvents = YES;
				INFOPLIST_KEY_UILaunchScreen_Generation = YES;
				INFOPLIST_KEY_UISupportedInterfaceOrientations_iPad = "UIInterfaceOrientationPortrait UIInterfaceOrientationPortraitUpsideDown UIInterfaceOrientationLandscapeLeft UIInterfaceOrientationLandscapeRight";
				INFOPLIST_KEY_UISupportedInterfaceOrientations_iPhone = "UIInterfaceOrientationPortrait UIInterfaceOrientationLandscapeLeft UIInterfaceOrientationLandscapeRight";
				LD_RUNPATH_SEARCH_PATHS = (
					"$(inherited)",
					"@executable_path/Frameworks",
				);
				MARKETING_VERSION = 1.0;
				PRODUCT_BUNDLE_IDENTIFIER = com.OnkyoLab.AdHoc;
				PRODUCT_NAME = "$(TARGET_NAME)";
				SWIFT_EMIT_LOC_STRINGS = YES;
				SWIFT_VERSION = 5.0;
				TARGETED_DEVICE_FAMILY = "1,2";
			};
			name = Release;
		};
/* End XCBuildConfiguration section */

/* Begin XCConfigurationList section */
		BF0B54012AF05B320060DA89 /* Build configuration list for PBXProject "AdHoc" */ = {
			isa = XCConfigurationList;
			buildConfigurations = (
				BF0B54122AF05B340060DA89 /* Debug */,
				BF0B54132AF05B340060DA89 /* Release */,
			);
			defaultConfigurationIsVisible = 0;
			defaultConfigurationName = Release;
		};
		BF0B54142AF05B340060DA89 /* Build configuration list for PBXNativeTarget "AdHoc" */ = {
			isa = XCConfigurationList;
			buildConfigurations = (
				BF0B54152AF05B340060DA89 /* Debug */,
				BF0B54162AF05B340060DA89 /* Release */,
			);
			defaultConfigurationIsVisible = 0;
			defaultConfigurationName = Release;
		};
/* End XCConfigurationList section */
	};
	rootObject = BF0B53FE2AF05B320060DA89 /* Project object */;
}
